// !$*UTF8*$!
{
	archiveVersion = 1;
	classes = {
	};
	objectVersion = 50;
	objects = {

/* Begin PBXBuildFile section */
		4B7EA5F12187A1820011C72A /* AppDelegate.swift in Sources */ = {isa = PBXBuildFile; fileRef = 4B7EA5F02187A1820011C72A /* AppDelegate.swift */; };
		4B7EA5F62187A1820011C72A /* Main.storyboard in Resources */ = {isa = PBXBuildFile; fileRef = 4B7EA5F42187A1820011C72A /* Main.storyboard */; };
		4B7EA5F82187A1840011C72A /* Assets.xcassets in Resources */ = {isa = PBXBuildFile; fileRef = 4B7EA5F72187A1840011C72A /* Assets.xcassets */; };
		4B7EA5FB2187A1840011C72A /* LaunchScreen.storyboard in Resources */ = {isa = PBXBuildFile; fileRef = 4B7EA5F92187A1840011C72A /* LaunchScreen.storyboard */; };
		4B7EA6042187A29D0011C72A /* ImageGalleryViewController.swift in Sources */ = {isa = PBXBuildFile; fileRef = 4B7EA6032187A29D0011C72A /* ImageGalleryViewController.swift */; };
		4B7EA6062187A7E10011C72A /* ImageGalleryCollectionViewCell.swift in Sources */ = {isa = PBXBuildFile; fileRef = 4B7EA6052187A7E10011C72A /* ImageGalleryCollectionViewCell.swift */; };
		4B7EA6082187ADC10011C72A /* Utilities.swift in Sources */ = {isa = PBXBuildFile; fileRef = 4B7EA6072187ADC10011C72A /* Utilities.swift */; };
		4B7EA60D21880EAB0011C72A /* ImageGalleryTableViewController.swift in Sources */ = {isa = PBXBuildFile; fileRef = 4B7EA60C21880EAB0011C72A /* ImageGalleryTableViewController.swift */; };
		4B7EA60F218817A60011C72A /* ImageGalleryTableViewCell.swift in Sources */ = {isa = PBXBuildFile; fileRef = 4B7EA60E218817A60011C72A /* ImageGalleryTableViewCell.swift */; };
		4B7EA611218A5AA70011C72A /* ImageDetailViewController.swift in Sources */ = {isa = PBXBuildFile; fileRef = 4B7EA610218A5AA70011C72A /* ImageDetailViewController.swift */; };
/* End PBXBuildFile section */

/* Begin PBXFileReference section */
		4B7EA5ED2187A1820011C72A /* Image Gallery.app */ = {isa = PBXFileReference; explicitFileType = wrapper.application; includeInIndex = 0; path = "Image Gallery.app"; sourceTree = BUILT_PRODUCTS_DIR; };
		4B7EA5F02187A1820011C72A /* AppDelegate.swift */ = {isa = PBXFileReference; lastKnownFileType = sourcecode.swift; path = AppDelegate.swift; sourceTree = "<group>"; };
		4B7EA5F52187A1820011C72A /* Base */ = {isa = PBXFileReference; lastKnownFileType = file.storyboard; name = Base; path = Base.lproj/Main.storyboard; sourceTree = "<group>"; };
		4B7EA5F72187A1840011C72A /* Assets.xcassets */ = {isa = PBXFileReference; lastKnownFileType = folder.assetcatalog; path = Assets.xcassets; sourceTree = "<group>"; };
		4B7EA5FA2187A1840011C72A /* Base */ = {isa = PBXFileReference; lastKnownFileType = file.storyboard; name = Base; path = Base.lproj/LaunchScreen.storyboard; sourceTree = "<group>"; };
		4B7EA5FC2187A1840011C72A /* Info.plist */ = {isa = PBXFileReference; lastKnownFileType = text.plist.xml; path = Info.plist; sourceTree = "<group>"; };
		4B7EA6032187A29D0011C72A /* ImageGalleryViewController.swift */ = {isa = PBXFileReference; lastKnownFileType = sourcecode.swift; path = ImageGalleryViewController.swift; sourceTree = "<group>"; };
		4B7EA6052187A7E10011C72A /* ImageGalleryCollectionViewCell.swift */ = {isa = PBXFileReference; lastKnownFileType = sourcecode.swift; path = ImageGalleryCollectionViewCell.swift; sourceTree = "<group>"; };
		4B7EA6072187ADC10011C72A /* Utilities.swift */ = {isa = PBXFileReference; fileEncoding = 4; lastKnownFileType = sourcecode.swift; path = Utilities.swift; sourceTree = "<group>"; };
		4B7EA60C21880EAB0011C72A /* ImageGalleryTableViewController.swift */ = {isa = PBXFileReference; lastKnownFileType = sourcecode.swift; path = ImageGalleryTableViewController.swift; sourceTree = "<group>"; };
		4B7EA60E218817A60011C72A /* ImageGalleryTableViewCell.swift */ = {isa = PBXFileReference; lastKnownFileType = sourcecode.swift; path = ImageGalleryTableViewCell.swift; sourceTree = "<group>"; };
		4B7EA610218A5AA70011C72A /* ImageDetailViewController.swift */ = {isa = PBXFileReference; lastKnownFileType = sourcecode.swift; path = ImageDetailViewController.swift; sourceTree = "<group>"; };
/* End PBXFileReference section */

/* Begin PBXFrameworksBuildPhase section */
		4B7EA5EA2187A1820011C72A /* Frameworks */ = {
			isa = PBXFrameworksBuildPhase;
			buildActionMask = 2147483647;
			files = (
			);
			runOnlyForDeploymentPostprocessing = 0;
		};
/* End PBXFrameworksBuildPhase section */

/* Begin PBXGroup section */
		4B7EA5E42187A1820011C72A = {
			isa = PBXGroup;
			children = (
				4B7EA5EF2187A1820011C72A /* Image Gallery */,
				4B7EA5EE2187A1820011C72A /* Products */,
			);
			sourceTree = "<group>";
		};
		4B7EA5EE2187A1820011C72A /* Products */ = {
			isa = PBXGroup;
			children = (
				4B7EA5ED2187A1820011C72A /* Image Gallery.app */,
			);
			name = Products;
			sourceTree = "<group>";
		};
		4B7EA5EF2187A1820011C72A /* Image Gallery */ = {
			isa = PBXGroup;
			children = (
				4B7EA5F42187A1820011C72A /* Main.storyboard */,
				4B7EA6032187A29D0011C72A /* ImageGalleryViewController.swift */,
				4B7EA6052187A7E10011C72A /* ImageGalleryCollectionViewCell.swift */,
				4B7EA60C21880EAB0011C72A /* ImageGalleryTableViewController.swift */,
				4B7EA60E218817A60011C72A /* ImageGalleryTableViewCell.swift */,
				4B7EA610218A5AA70011C72A /* ImageDetailViewController.swift */,
				4B7EA6022187A26F0011C72A /* Supporting Files */,
			);
			path = "Image Gallery";
			sourceTree = "<group>";
		};
		4B7EA6022187A26F0011C72A /* Supporting Files */ = {
			isa = PBXGroup;
			children = (
				4B7EA6072187ADC10011C72A /* Utilities.swift */,
				4B7EA5F02187A1820011C72A /* AppDelegate.swift */,
				4B7EA5F72187A1840011C72A /* Assets.xcassets */,
				4B7EA5F92187A1840011C72A /* LaunchScreen.storyboard */,
				4B7EA5FC2187A1840011C72A /* Info.plist */,
			);
			path = "Supporting Files";
			sourceTree = "<group>";
		};
/* End PBXGroup section */

/* Begin PBXNativeTarget section */
		4B7EA5EC2187A1820011C72A /* Image Gallery */ = {
			isa = PBXNativeTarget;
			buildConfigurationList = 4B7EA5FF2187A1840011C72A /* Build configuration list for PBXNativeTarget "Image Gallery" */;
			buildPhases = (
				4B7EA5E92187A1820011C72A /* Sources */,
				4B7EA5EA2187A1820011C72A /* Frameworks */,
				4B7EA5EB2187A1820011C72A /* Resources */,
			);
			buildRules = (
			);
			dependencies = (
			);
			name = "Image Gallery";
			productName = "Image Gallery";
			productReference = 4B7EA5ED2187A1820011C72A /* Image Gallery.app */;
			productType = "com.apple.product-type.application";
		};
/* End PBXNativeTarget section */

/* Begin PBXProject section */
		4B7EA5E52187A1820011C72A /* Project object */ = {
			isa = PBXProject;
			attributes = {
				LastSwiftUpdateCheck = 1000;
				LastUpgradeCheck = 1000;
				ORGANIZATIONNAME = "Thai Nguyen";
				TargetAttributes = {
					4B7EA5EC2187A1820011C72A = {
						CreatedOnToolsVersion = 10.0;
					};
				};
			};
			buildConfigurationList = 4B7EA5E82187A1820011C72A /* Build configuration list for PBXProject "Image Gallery" */;
			compatibilityVersion = "Xcode 9.3";
			developmentRegion = en;
			hasScannedForEncodings = 0;
			knownRegions = (
				en,
				Base,
			);
			mainGroup = 4B7EA5E42187A1820011C72A;
			productRefGroup = 4B7EA5EE2187A1820011C72A /* Products */;
			projectDirPath = "";
			projectRoot = "";
			targets = (
				4B7EA5EC2187A1820011C72A /* Image Gallery */,
			);
		};
/* End PBXProject section */

/* Begin PBXResourcesBuildPhase section */
		4B7EA5EB2187A1820011C72A /* Resources */ = {
			isa = PBXResourcesBuildPhase;
			buildActionMask = 2147483647;
			files = (
				4B7EA5FB2187A1840011C72A /* LaunchScreen.storyboard in Resources */,
				4B7EA5F82187A1840011C72A /* Assets.xcassets in Resources */,
				4B7EA5F62187A1820011C72A /* Main.storyboard in Resources */,
			);
			runOnlyForDeploymentPostprocessing = 0;
		};
/* End PBXResourcesBuildPhase section */

/* Begin PBXSourcesBuildPhase section */
		4B7EA5E92187A1820011C72A /* Sources */ = {
			isa = PBXSourcesBuildPhase;
			buildActionMask = 2147483647;
			files = (
				4B7EA60D21880EAB0011C72A /* ImageGalleryTableViewController.swift in Sources */,
				4B7EA6042187A29D0011C72A /* ImageGalleryViewController.swift in Sources */,
				4B7EA611218A5AA70011C72A /* ImageDetailViewController.swift in Sources */,
				4B7EA60F218817A60011C72A /* ImageGalleryTableViewCell.swift in Sources */,
				4B7EA5F12187A1820011C72A /* AppDelegate.swift in Sources */,
				4B7EA6082187ADC10011C72A /* Utilities.swift in Sources */,
				4B7EA6062187A7E10011C72A /* ImageGalleryCollectionViewCell.swift in Sources */,
			);
			runOnlyForDeploymentPostprocessing = 0;
		};
/* End PBXSourcesBuildPhase section */

/* Begin PBXVariantGroup section */
		4B7EA5F42187A1820011C72A /* Main.storyboard */ = {
			isa = PBXVariantGroup;
			children = (
				4B7EA5F52187A1820011C72A /* Base */,
			);
			name = Main.storyboard;
			sourceTree = "<group>";
		};
		4B7EA5F92187A1840011C72A /* LaunchScreen.storyboard */ = {
			isa = PBXVariantGroup;
			children = (
				4B7EA5FA2187A1840011C72A /* Base */,
			);
			name = LaunchScreen.storyboard;
			sourceTree = "<group>";
		};
/* End PBXVariantGroup section */

/* Begin XCBuildConfiguration section */
		4B7EA5FD2187A1840011C72A /* Debug */ = {
			isa = XCBuildConfiguration;
			buildSettings = {
				ALWAYS_SEARCH_USER_PATHS = NO;
				CLANG_ANALYZER_NONNULL = YES;
				CLANG_ANALYZER_NUMBER_OBJECT_CONVERSION = YES_AGGRESSIVE;
				CLANG_CXX_LANGUAGE_STANDARD = "gnu++14";
				CLANG_CXX_LIBRARY = "libc++";
				CLANG_ENABLE_MODULES = YES;
				CLANG_ENABLE_OBJC_ARC = YES;
				CLANG_ENABLE_OBJC_WEAK = YES;
				CLANG_WARN_BLOCK_CAPTURE_AUTORELEASING = YES;
				CLANG_WARN_BOOL_CONVERSION = YES;
				CLANG_WARN_COMMA = YES;
				CLANG_WARN_CONSTANT_CONVERSION = YES;
				CLANG_WARN_DEPRECATED_OBJC_IMPLEMENTATIONS = YES;
				CLANG_WARN_DIRECT_OBJC_ISA_USAGE = YES_ERROR;
				CLANG_WARN_DOCUMENTATION_COMMENTS = YES;
				CLANG_WARN_EMPTY_BODY = YES;
				CLANG_WARN_ENUM_CONVERSION = YES;
				CLANG_WARN_INFINITE_RECURSION = YES;
				CLANG_WARN_INT_CONVERSION = YES;
				CLANG_WARN_NON_LITERAL_NULL_CONVERSION = YES;
				CLANG_WARN_OBJC_IMPLICIT_RETAIN_SELF = YES;
				CLANG_WARN_OBJC_LITERAL_CONVERSION = YES;
				CLANG_WARN_OBJC_ROOT_CLASS = YES_ERROR;
				CLANG_WARN_RANGE_LOOP_ANALYSIS = YES;
				CLANG_WARN_STRICT_PROTOTYPES = YES;
				CLANG_WARN_SUSPICIOUS_MOVE = YES;
				CLANG_WARN_UNGUARDED_AVAILABILITY = YES_AGGRESSIVE;
				CLANG_WARN_UNREACHABLE_CODE = YES;
				CLANG_WARN__DUPLICATE_METHOD_MATCH = YES;
				CODE_SIGN_IDENTITY = "iPhone Developer";
				COPY_PHASE_STRIP = NO;
				DEBUG_INFORMATION_FORMAT = dwarf;
				ENABLE_STRICT_OBJC_MSGSEND = YES;
				ENABLE_TESTABILITY = YES;
				GCC_C_LANGUAGE_STANDARD = gnu11;
				GCC_DYNAMIC_NO_PIC = NO;
				GCC_NO_COMMON_BLOCKS = YES;
				GCC_OPTIMIZATION_LEVEL = 0;
				GCC_PREPROCESSOR_DEFINITIONS = (
					"DEBUG=1",
					"$(inherited)",
				);
				GCC_WARN_64_TO_32_BIT_CONVERSION = YES;
				GCC_WARN_ABOUT_RETURN_TYPE = YES_ERROR;
				GCC_WARN_UNDECLARED_SELECTOR = YES;
				GCC_WARN_UNINITIALIZED_AUTOS = YES_AGGRESSIVE;
				GCC_WARN_UNUSED_FUNCTION = YES;
				GCC_WARN_UNUSED_VARIABLE = YES;
				IPHONEOS_DEPLOYMENT_TARGET = 12.0;
				MTL_ENABLE_DEBUG_INFO = INCLUDE_SOURCE;
				MTL_FAST_MATH = YES;
				ONLY_ACTIVE_ARCH = YES;
				SDKROOT = iphoneos;
				SWIFT_ACTIVE_COMPILATION_CONDITIONS = DEBUG;
				SWIFT_OPTIMIZATION_LEVEL = "-Onone";
			};
			name = Debug;
		};
		4B7EA5FE2187A1840011C72A /* Release */ = {
			isa = XCBuildConfiguration;
			buildSettings = {
				ALWAYS_SEARCH_USER_PATHS = NO;
				CLANG_ANALYZER_NONNULL = YES;
				CLANG_ANALYZER_NUMBER_OBJECT_CONVERSION = YES_AGGRESSIVE;
				CLANG_CXX_LANGUAGE_STANDARD = "gnu++14";
				CLANG_CXX_LIBRARY = "libc++";
				CLANG_ENABLE_MODULES = YES;
				CLANG_ENABLE_OBJC_ARC = YES;
				CLANG_ENABLE_OBJC_WEAK = YES;
				CLANG_WARN_BLOCK_CAPTURE_AUTORELEASING = YES;
				CLANG_WARN_BOOL_CONVERSION = YES;
				CLANG_WARN_COMMA = YES;
				CLANG_WARN_CONSTANT_CONVERSION = YES;
				CLANG_WARN_DEPRECATED_OBJC_IMPLEMENTATIONS = YES;
				CLANG_WARN_DIRECT_OBJC_ISA_USAGE = YES_ERROR;
				CLANG_WARN_DOCUMENTATION_COMMENTS = YES;
				CLANG_WARN_EMPTY_BODY = YES;
				CLANG_WARN_ENUM_CONVERSION = YES;
				CLANG_WARN_INFINITE_RECURSION = YES;
				CLANG_WARN_INT_CONVERSION = YES;
				CLANG_WARN_NON_LITERAL_NULL_CONVERSION = YES;
				CLANG_WARN_OBJC_IMPLICIT_RETAIN_SELF = YES;
				CLANG_WARN_OBJC_LITERAL_CONVERSION = YES;
				CLANG_WARN_OBJC_ROOT_CLASS = YES_ERROR;
				CLANG_WARN_RANGE_LOOP_ANALYSIS = YES;
				CLANG_WARN_STRICT_PROTOTYPES = YES;
				CLANG_WARN_SUSPICIOUS_MOVE = YES;
				CLANG_WARN_UNGUARDED_AVAILABILITY = YES_AGGRESSIVE;
				CLANG_WARN_UNREACHABLE_CODE = YES;
				CLANG_WARN__DUPLICATE_METHOD_MATCH = YES;
				CODE_SIGN_IDENTITY = "iPhone Developer";
				COPY_PHASE_STRIP = NO;
				DEBUG_INFORMATION_FORMAT = "dwarf-with-dsym";
				ENABLE_NS_ASSERTIONS = NO;
				ENABLE_STRICT_OBJC_MSGSEND = YES;
				GCC_C_LANGUAGE_STANDARD = gnu11;
				GCC_NO_COMMON_BLOCKS = YES;
				GCC_WARN_64_TO_32_BIT_CONVERSION = YES;
				GCC_WARN_ABOUT_RETURN_TYPE = YES_ERROR;
				GCC_WARN_UNDECLARED_SELECTOR = YES;
				GCC_WARN_UNINITIALIZED_AUTOS = YES_AGGRESSIVE;
				GCC_WARN_UNUSED_FUNCTION = YES;
				GCC_WARN_UNUSED_VARIABLE = YES;
				IPHONEOS_DEPLOYMENT_TARGET = 12.0;
				MTL_ENABLE_DEBUG_INFO = NO;
				MTL_FAST_MATH = YES;
				SDKROOT = iphoneos;
				SWIFT_COMPILATION_MODE = wholemodule;
				SWIFT_OPTIMIZATION_LEVEL = "-O";
				VALIDATE_PRODUCT = YES;
			};
			name = Release;
		};
		4B7EA6002187A1840011C72A /* Debug */ = {
			isa = XCBuildConfiguration;
			buildSettings = {
				ASSETCATALOG_COMPILER_APPICON_NAME = AppIcon;
				CODE_SIGN_STYLE = Automatic;
				DEVELOPMENT_TEAM = 4EFH9TWN7W;
				INFOPLIST_FILE = "$(SRCROOT)/Image Gallery/Supporting Files/Info.plist";
				LD_RUNPATH_SEARCH_PATHS = (
					"$(inherited)",
					"@executable_path/Frameworks",
				);
				PRODUCT_BUNDLE_IDENTIFIER = "com.thainguyen.Image-Gallery";
				PRODUCT_NAME = "$(TARGET_NAME)";
				SWIFT_VERSION = 4.2;
				TARGETED_DEVICE_FAMILY = 2;
			};
			name = Debug;
		};
		4B7EA6012187A1840011C72A /* Release */ = {
			isa = XCBuildConfiguration;
			buildSettings = {
				ASSETCATALOG_COMPILER_APPICON_NAME = AppIcon;
				CODE_SIGN_STYLE = Automatic;
				DEVELOPMENT_TEAM = 4EFH9TWN7W;
				INFOPLIST_FILE = "$(SRCROOT)/Image Gallery/Supporting Files/Info.plist";
				LD_RUNPATH_SEARCH_PATHS = (
					"$(inherited)",
					"@executable_path/Frameworks",
				);
				PRODUCT_BUNDLE_IDENTIFIER = "com.thainguyen.Image-Gallery";
				PRODUCT_NAME = "$(TARGET_NAME)";
				SWIFT_VERSION = 4.2;
				TARGETED_DEVICE_FAMILY = 2;
			};
			name = Release;
		};
/* End XCBuildConfiguration section */

/* Begin XCConfigurationList section */
		4B7EA5E82187A1820011C72A /* Build configuration list for PBXProject "Image Gallery" */ = {
			isa = XCConfigurationList;
			buildConfigurations = (
				4B7EA5FD2187A1840011C72A /* Debug */,
				4B7EA5FE2187A1840011C72A /* Release */,
			);
			defaultConfigurationIsVisible = 0;
			defaultConfigurationName = Release;
		};
		4B7EA5FF2187A1840011C72A /* Build configuration list for PBXNativeTarget "Image Gallery" */ = {
			isa = XCConfigurationList;
			buildConfigurations = (
				4B7EA6002187A1840011C72A /* Debug */,
				4B7EA6012187A1840011C72A /* Release */,
			);
			defaultConfigurationIsVisible = 0;
			defaultConfigurationName = Release;
		};
/* End XCConfigurationList section */
	};
	rootObject = 4B7EA5E52187A1820011C72A /* Project object */;
}
